
Microsoft Visual Studio Solution File, Format Version 12.00
# Visual Studio Version 17
VisualStudioVersion = 17.1.32407.343
MinimumVisualStudioVersion = 10.0.40219.1
Project("{9A19103F-16F7-4668-BE54-9A1E7A4F7556}") = "NexPay.Login.Api", "NexPay.Login.Api\NexPay.Login.Api.csproj", "{A410F8E6-59BD-41DC-BE81-9331E77C7D74}"
EndProject
Project("{9A19103F-16F7-4668-BE54-9A1E7A4F7556}") = "NexPay.Login.Api.Tests", "NexPay.Login.Api.Tests\NexPay.Login.Api.Tests.csproj", "{916D4FEE-C478-4788-A122-2E5914630ABD}"
EndProject
Project("{FAE04EC0-301F-11D3-BF4B-00C04F79EFBC}") = "NexPay.Publisher", "NexPay.Publisher\NexPay.Publisher.csproj", "{2020C7D6-8FB5-40A4-B133-5883C9330250}"
EndProject
Global
	GlobalSection(SolutionConfigurationPlatforms) = preSolution
		Debug|Any CPU = Debug|Any CPU
		Release|Any CPU = Release|Any CPU
	EndGlobalSection
	GlobalSection(ProjectConfigurationPlatforms) = postSolution
		{A410F8E6-59BD-41DC-BE81-9331E77C7D74}.Debug|Any CPU.ActiveCfg = Debug|Any CPU
		{A410F8E6-59BD-41DC-BE81-9331E77C7D74}.Debug|Any CPU.Build.0 = Debug|Any CPU
		{A410F8E6-59BD-41DC-BE81-9331E77C7D74}.Release|Any CPU.ActiveCfg = Release|Any CPU
		{A410F8E6-59BD-41DC-BE81-9331E77C7D74}.Release|Any CPU.Build.0 = Release|Any CPU
		{916D4FEE-C478-4788-A122-2E5914630ABD}.Debug|Any CPU.ActiveCfg = Debug|Any CPU
		{916D4FEE-C478-4788-A122-2E5914630ABD}.Debug|Any CPU.Build.0 = Debug|Any CPU
		{916D4FEE-C478-4788-A122-2E5914630ABD}.Release|Any CPU.ActiveCfg = Release|Any CPU
		{916D4FEE-C478-4788-A122-2E5914630ABD}.Release|Any CPU.Build.0 = Release|Any CPU
		{2020C7D6-8FB5-40A4-B133-5883C9330250}.Debug|Any CPU.ActiveCfg = Debug|Any CPU
		{2020C7D6-8FB5-40A4-B133-5883C9330250}.Debug|Any CPU.Build.0 = Debug|Any CPU
		{2020C7D6-8FB5-40A4-B133-5883C9330250}.Release|Any CPU.ActiveCfg = Release|Any CPU
		{2020C7D6-8FB5-40A4-B133-5883C9330250}.Release|Any CPU.Build.0 = Release|Any CPU
	EndGlobalSection
	GlobalSection(SolutionProperties) = preSolution
		HideSolutionNode = FALSE
	EndGlobalSection
	GlobalSection(ExtensibilityGlobals) = postSolution
		SolutionGuid = {10EB5A56-A8F6-415F-9810-ADA590BE093A}
	EndGlobalSection
EndGlobal
