
Microsoft Visual Studio Solution File, Format Version 12.00
# Visual Studio Version 17
VisualStudioVersion = 17.1.32407.343
MinimumVisualStudioVersion = 10.0.40219.1
Project("{9A19103F-16F7-4668-BE54-9A1E7A4F7556}") = "NexPay.Fx.Api", "NexPay.Fx.Api\NexPay.Fx.Api.csproj", "{3905A222-F6BD-4D3E-AC5D-20127BAA8121}"
EndProject
Project("{FAE04EC0-301F-11D3-BF4B-00C04F79EFBC}") = "NexPay.Fx.Api.Test", "NexPay.Fx.Api.Test\NexPay.Fx.Api.Test.csproj", "{59662ED2-9ECD-4A2C-BD83-AC11BF127C8D}"
EndProject
Global
	GlobalSection(SolutionConfigurationPlatforms) = preSolution
		Debug|Any CPU = Debug|Any CPU
		Release|Any CPU = Release|Any CPU
	EndGlobalSection
	GlobalSection(ProjectConfigurationPlatforms) = postSolution
		{3905A222-F6BD-4D3E-AC5D-20127BAA8121}.Debug|Any CPU.ActiveCfg = Debug|Any CPU
		{3905A222-F6BD-4D3E-AC5D-20127BAA8121}.Debug|Any CPU.Build.0 = Debug|Any CPU
		{3905A222-F6BD-4D3E-AC5D-20127BAA8121}.Release|Any CPU.ActiveCfg = Release|Any CPU
		{3905A222-F6BD-4D3E-AC5D-20127BAA8121}.Release|Any CPU.Build.0 = Release|Any CPU
		{59662ED2-9ECD-4A2C-BD83-AC11BF127C8D}.Debug|Any CPU.ActiveCfg = Debug|Any CPU
		{59662ED2-9ECD-4A2C-BD83-AC11BF127C8D}.Debug|Any CPU.Build.0 = Debug|Any CPU
		{59662ED2-9ECD-4A2C-BD83-AC11BF127C8D}.Release|Any CPU.ActiveCfg = Release|Any CPU
		{59662ED2-9ECD-4A2C-BD83-AC11BF127C8D}.Release|Any CPU.Build.0 = Release|Any CPU
	EndGlobalSection
	GlobalSection(SolutionProperties) = preSolution
		HideSolutionNode = FALSE
	EndGlobalSection
	GlobalSection(ExtensibilityGlobals) = postSolution
		SolutionGuid = {6A2A2957-D001-4869-86C9-0C2A7ED31400}
	EndGlobalSection
EndGlobal
